
Microsoft Visual Studio Solution File, Format Version 12.00
# Visual Studio Version 17
VisualStudioVersion = 17.9.34728.123
MinimumVisualStudioVersion = 10.0.40219.1
Project("{FAE04EC0-301F-11D3-BF4B-00C04F79EFBC}") = "UserService", "UserService\UserService.csproj", "{EE7AF7D0-5873-47B8-BA12-7EC0AFCBAADE}"
EndProject
Project("{FAE04EC0-301F-11D3-BF4B-00C04F79EFBC}") = "TaskService", "TaskService\TaskService.csproj", "{53A0F974-9792-4281-B650-433630F230B0}"
EndProject
Project("{2150E333-8FDC-42A3-9474-1A3956D46DE8}") = "Elementos de la solución", "Elementos de la solución", "{C5ADABDD-8073-487F-B8A3-98D337A31189}"
	ProjectSection(SolutionItems) = preProject
		docker-compose.yml = docker-compose.yml
	EndProjectSection
EndProject
Global
	GlobalSection(SolutionConfigurationPlatforms) = preSolution
		Debug|Any CPU = Debug|Any CPU
		Release|Any CPU = Release|Any CPU
	EndGlobalSection
	GlobalSection(ProjectConfigurationPlatforms) = postSolution
		{EE7AF7D0-5873-47B8-BA12-7EC0AFCBAADE}.Debug|Any CPU.ActiveCfg = Debug|Any CPU
		{EE7AF7D0-5873-47B8-BA12-7EC0AFCBAADE}.Debug|Any CPU.Build.0 = Debug|Any CPU
		{EE7AF7D0-5873-47B8-BA12-7EC0AFCBAADE}.Release|Any CPU.ActiveCfg = Release|Any CPU
		{EE7AF7D0-5873-47B8-BA12-7EC0AFCBAADE}.Release|Any CPU.Build.0 = Release|Any CPU
		{53A0F974-9792-4281-B650-433630F230B0}.Debug|Any CPU.ActiveCfg = Debug|Any CPU
		{53A0F974-9792-4281-B650-433630F230B0}.Debug|Any CPU.Build.0 = Debug|Any CPU
		{53A0F974-9792-4281-B650-433630F230B0}.Release|Any CPU.ActiveCfg = Release|Any CPU
		{53A0F974-9792-4281-B650-433630F230B0}.Release|Any CPU.Build.0 = Release|Any CPU
	EndGlobalSection
	GlobalSection(SolutionProperties) = preSolution
		HideSolutionNode = FALSE
	EndGlobalSection
	GlobalSection(ExtensibilityGlobals) = postSolution
		SolutionGuid = {447944B5-FAF0-4664-AB9D-C467B2052179}
	EndGlobalSection
EndGlobal
